{
  "version": 4,
  "terraform_version": "1.14.0",
  "serial": 130,
  "lineage": "8d665e36-a2cd-fd6f-86e1-202bddd343a6",
  "outputs": {
    "alb_dns_name": {
      "value": "pdc-alb-358292698.us-east-2.elb.amazonaws.com",
      "type": "string"
    },
    "database_endpoint": {
      "value": "pdc-db.c78giku8ag1q.us-east-2.rds.amazonaws.com:5432",
      "type": "string",
      "sensitive": true
    },
    "database_port": {
      "value": 5432,
      "type": "number"
    },
    "ecr_repository_url": {
      "value": "669411698716.dkr.ecr.us-east-2.amazonaws.com/pdc-app",
      "type": "string"
    },
    "sftp_connection_instructions": {
      "value": "    \r\nTo connect via SSH to the EC2 instance:\r\n  ssh -i pdc-sftp-server-key.pem ubuntu@18.217.242.197\r\n    \r\nTo connect via SFTP to upload files:\r\n  sftp -i pdc-sftp-server-key.pem sftp_user@18.217.242.197\r\n    \r\nInside SFTP:\r\n  sftp\u003e put local_file.csv\r\n  sftp\u003e ls\r\n  sftp\u003e exit\r\n",
      "type": "string"
    },
    "sftp_ec2_endpoint": {
      "value": "18.217.242.197:22",
      "type": "string"
    },
    "sftp_ec2_instance_id": {
      "value": "i-005b1a574e6395582",
      "type": "string"
    },
    "sftp_ec2_public_ip": {
      "value": "18.217.242.197",
      "type": "string"
    },
    "sftp_ssh_key_name": {
      "value": "pdc-sftp-server-key",
      "type": "string"
    },
    "sftp_username": {
      "value": "sftp_user",
      "type": "string"
    }
  },
  "resources": [
    {
      "mode": "data",
      "type": "aws_ami",
      "name": "ubuntu",
      "provider": "provider[\"registry.terraform.io/hashicorp/aws\"]",
      "instances": [
        {
          "schema_version": 0,
          "attributes": {
            "architecture": "x86_64",
            "arn": "arn:aws:ec2:us-east-2::image/ami-0503ed50b531cc445",
            "block_device_mappings": [
              {
                "device_name": "/dev/sda1",
                "ebs": {
                  "delete_on_termination": "true",
                  "encrypted": "false",
                  "iops": "0",
                  "snapshot_id": "snap-04a1b4090d38d9187",
                  "throughput": "0",
                  "volume_initialization_rate": "0",
                  "volume_size": "8",
                  "volume_type": "gp2"
                },
                "no_device": "",
                "virtual_name": ""
              },
              {
                "device_name": "/dev/sdb",
                "ebs": {},
                "no_device": "",
                "virtual_name": "ephemeral0"
              },
              {
                "device_name": "/dev/sdc",
                "ebs": {},
                "no_device": "",
                "virtual_name": "ephemeral1"
              }
            ],
            "boot_mode": "uefi-preferred",
            "creation_date": "2025-12-12T06:54:41.000Z",
            "deprecation_time": "2027-12-12T06:54:41.000Z",
            "description": "Canonical, Ubuntu, 22.04, amd64 jammy image",
            "ena_support": true,
            "executable_users": null,
            "filter": [
              {
                "name": "name",
                "values": [
                  "ubuntu/images/hvm-ssd/ubuntu-jammy-22.04-amd64-server-*"
                ]
              },
              {
                "name": "virtualization-type",
                "values": [
                  "hvm"
                ]
              }
            ],
            "hypervisor": "xen",
            "id": "ami-0503ed50b531cc445",
            "image_id": "ami-0503ed50b531cc445",
            "image_location": "amazon/ubuntu/images/hvm-ssd/ubuntu-jammy-22.04-amd64-server-20251212",
            "image_owner_alias": "amazon",
            "image_type": "machine",
            "imds_support": "",
            "include_deprecated": false,
            "kernel_id": "",
            "last_launched_time": "",
            "most_recent": true,
            "name": "ubuntu/images/hvm-ssd/ubuntu-jammy-22.04-amd64-server-20251212",
            "name_regex": null,
            "owner_id": "099720109477",
            "owners": [
              "099720109477"
            ],
            "platform": "",
            "platform_details": "Linux/UNIX",
            "product_codes": [],
            "public": true,
            "ramdisk_id": "",
            "root_device_name": "/dev/sda1",
            "root_device_type": "ebs",
            "root_snapshot_id": "snap-04a1b4090d38d9187",
            "sriov_net_support": "simple",
            "state": "available",
            "state_reason": {
              "code": "UNSET",
              "message": "UNSET"
            },
            "tags": {},
            "timeouts": null,
            "tpm_support": "",
            "uefi_data": null,
            "usage_operation": "RunInstances",
            "virtualization_type": "hvm"
          },
          "sensitive_attributes": [],
          "identity_schema_version": 0
        }
      ]
    },
    {
      "mode": "data",
      "type": "aws_availability_zones",
      "name": "available",
      "provider": "provider[\"registry.terraform.io/hashicorp/aws\"]",
      "instances": [
        {
          "schema_version": 0,
          "attributes": {
            "all_availability_zones": null,
            "exclude_names": null,
            "exclude_zone_ids": null,
            "filter": null,
            "group_names": [
              "us-east-2-zg-1"
            ],
            "id": "us-east-2",
            "names": [
              "us-east-2a",
              "us-east-2b",
              "us-east-2c"
            ],
            "state": "available",
            "timeouts": null,
            "zone_ids": [
              "use2-az1",
              "use2-az2",
              "use2-az3"
            ]
          },
          "sensitive_attributes": [],
          "identity_schema_version": 0
        }
      ]
    },
    {
      "mode": "data",
      "type": "aws_caller_identity",
      "name": "current",
      "provider": "provider[\"registry.terraform.io/hashicorp/aws\"]",
      "instances": [
        {
          "schema_version": 0,
          "attributes": {
            "account_id": "669411698716",
            "arn": "arn:aws:iam::669411698716:user/timothy-todd-vest-001",
            "id": "669411698716",
            "user_id": "AIDAZXXAL5AODZUFLE5HY"
          },
          "sensitive_attributes": [],
          "identity_schema_version": 0
        }
      ]
    },
    {
      "mode": "managed",
      "type": "aws_cloudwatch_event_rule",
      "name": "ingestion_schedule",
      "provider": "provider[\"registry.terraform.io/hashicorp/aws\"]",
      "instances": [
        {
          "schema_version": 1,
          "attributes": {
            "arn": "arn:aws:events:us-east-2:669411698716:rule/pdc-ingestion-schedule",
            "description": "Trigger file ingestion every hour",
            "event_bus_name": "default",
            "event_pattern": null,
            "force_destroy": false,
            "id": "pdc-ingestion-schedule",
            "is_enabled": true,
            "name": "pdc-ingestion-schedule",
            "name_prefix": "",
            "role_arn": "",
            "schedule_expression": "rate(1 hour)",
            "state": "ENABLED",
            "tags": {
              "Name": "pdc-ingestion-schedule"
            },
            "tags_all": {
              "Name": "pdc-ingestion-schedule"
            }
          },
          "sensitive_attributes": [],
          "identity_schema_version": 0,
          "private": "eyJzY2hlbWFfdmVyc2lvbiI6IjEifQ=="
        }
      ]
    },
    {
      "mode": "managed",
      "type": "aws_cloudwatch_event_target",
      "name": "ingestion",
      "provider": "provider[\"registry.terraform.io/hashicorp/aws\"]",
      "instances": [
        {
          "schema_version": 1,
          "attributes": {
            "appsync_target": [],
            "arn": "arn:aws:ecs:us-east-2:669411698716:cluster/pdc-cluster",
            "batch_target": [],
            "dead_letter_config": [],
            "ecs_target": [
              {
                "capacity_provider_strategy": [],
                "enable_ecs_managed_tags": false,
                "enable_execute_command": false,
                "group": "",
                "launch_type": "FARGATE",
                "network_configuration": [
                  {
                    "assign_public_ip": true,
                    "security_groups": [
                      "sg-09f249263356b33b2"
                    ],
                    "subnets": [
                      "subnet-0400c95d02a7373cb",
                      "subnet-051621539f0947a7a"
                    ]
                  }
                ],
                "ordered_placement_strategy": [],
                "placement_constraint": [],
                "platform_version": "LATEST",
                "propagate_tags": "",
                "tags": {},
                "task_count": 1,
                "task_definition_arn": "arn:aws:ecs:us-east-2:669411698716:task-definition/pdc-ingestion:4"
              }
            ],
            "event_bus_name": "default",
            "force_destroy": false,
            "http_target": [],
            "id": "pdc-ingestion-schedule-pdc-ingestion-target",
            "input": "",
            "input_path": "",
            "input_transformer": [],
            "kinesis_target": [],
            "redshift_target": [],
            "retry_policy": [],
            "role_arn": "arn:aws:iam::669411698716:role/interview/pdc-eventbridge-ecs-role",
            "rule": "pdc-ingestion-schedule",
            "run_command_targets": [],
            "sagemaker_pipeline_target": [],
            "sqs_target": [],
            "target_id": "pdc-ingestion-target"
          },
          "sensitive_attributes": [],
          "identity_schema_version": 0,
          "private": "eyJzY2hlbWFfdmVyc2lvbiI6IjEifQ==",
          "dependencies": [
            "aws_cloudwatch_event_rule.ingestion_schedule",
            "aws_cloudwatch_log_group.ingestion",
            "aws_db_instance.main",
            "aws_db_subnet_group.main",
            "aws_ecr_repository.app",
            "aws_ecs_cluster.main",
            "aws_ecs_task_definition.ingestion",
            "aws_iam_role.ecs_task_execution_role",
            "aws_iam_role.ecs_task_role",
            "aws_iam_role.eventbridge_ecs",
            "aws_secretsmanager_secret.alert_api_key",
            "aws_secretsmanager_secret.sftp_key",
            "aws_security_group.app",
            "aws_security_group.db",
            "aws_subnet.public",
            "aws_vpc.main",
            "data.aws_availability_zones.available",
            "data.aws_caller_identity.current"
          ]
        }
      ]
    },
    {
      "mode": "managed",
      "type": "aws_cloudwatch_log_group",
      "name": "app",
      "provider": "provider[\"registry.terraform.io/hashicorp/aws\"]",
      "instances": [
        {
          "schema_version": 0,
          "attributes": {
            "arn": "arn:aws:logs:us-east-2:669411698716:log-group:/ecs/pdc-app",
            "id": "/ecs/pdc-app",
            "kms_key_id": "",
            "log_group_class": "STANDARD",
            "name": "/ecs/pdc-app",
            "name_prefix": "",
            "retention_in_days": 7,
            "skip_destroy": false,
            "tags": {
              "Name": "pdc-app-logs"
            },
            "tags_all": {
              "Name": "pdc-app-logs"
            }
          },
          "sensitive_attributes": [],
          "identity_schema_version": 0,
          "private": "eyJzY2hlbWFfdmVyc2lvbiI6IjAifQ=="
        }
      ]
    },
    {
      "mode": "managed",
      "type": "aws_cloudwatch_log_group",
      "name": "ingestion",
      "provider": "provider[\"registry.terraform.io/hashicorp/aws\"]",
      "instances": [
        {
          "schema_version": 0,
          "attributes": {
            "arn": "arn:aws:logs:us-east-2:669411698716:log-group:/ecs/pdc-ingestion",
            "id": "/ecs/pdc-ingestion",
            "kms_key_id": "",
            "log_group_class": "STANDARD",
            "name": "/ecs/pdc-ingestion",
            "name_prefix": "",
            "retention_in_days": 7,
            "skip_destroy": false,
            "tags": {
              "Name": "pdc-ingestion-logs"
            },
            "tags_all": {
              "Name": "pdc-ingestion-logs"
            }
          },
          "sensitive_attributes": [],
          "identity_schema_version": 0,
          "private": "eyJzY2hlbWFfdmVyc2lvbiI6IjAifQ=="
        }
      ]
    },
    {
      "mode": "managed",
      "type": "aws_db_instance",
      "name": "main",
      "provider": "provider[\"registry.terraform.io/hashicorp/aws\"]",
      "instances": [
        {
          "schema_version": 2,
          "attributes": {
            "address": "pdc-db.c78giku8ag1q.us-east-2.rds.amazonaws.com",
            "allocated_storage": 20,
            "allow_major_version_upgrade": null,
            "apply_immediately": false,
            "arn": "arn:aws:rds:us-east-2:669411698716:db:pdc-db",
            "auto_minor_version_upgrade": true,
            "availability_zone": "us-east-2a",
            "backup_retention_period": 0,
            "backup_target": "region",
            "backup_window": "05:54-06:24",
            "blue_green_update": [],
            "ca_cert_identifier": "rds-ca-rsa2048-g1",
            "character_set_name": "",
            "copy_tags_to_snapshot": false,
            "custom_iam_instance_profile": "",
            "customer_owned_ip_enabled": false,
            "database_insights_mode": "standard",
            "db_name": "pdc_db",
            "db_subnet_group_name": "pdc-db-subnet-group",
            "dedicated_log_volume": false,
            "delete_automated_backups": true,
            "deletion_protection": false,
            "domain": "",
            "domain_auth_secret_arn": "",
            "domain_dns_ips": [],
            "domain_fqdn": "",
            "domain_iam_role_name": "",
            "domain_ou": "",
            "enabled_cloudwatch_logs_exports": [],
            "endpoint": "pdc-db.c78giku8ag1q.us-east-2.rds.amazonaws.com:5432",
            "engine": "postgres",
            "engine_lifecycle_support": "open-source-rds-extended-support",
            "engine_version": "17.6",
            "engine_version_actual": "17.6",
            "final_snapshot_identifier": null,
            "hosted_zone_id": "Z2XHWR1WZ565X2",
            "iam_database_authentication_enabled": false,
            "id": "db-W6H4IZA3NLLTWDZRXB3AX54WBI",
            "identifier": "pdc-db",
            "identifier_prefix": "",
            "instance_class": "db.t3.micro",
            "iops": 3000,
            "kms_key_id": "",
            "latest_restorable_time": "",
            "license_model": "postgresql-license",
            "listener_endpoint": [],
            "maintenance_window": "thu:08:37-thu:09:07",
            "manage_master_user_password": null,
            "master_user_secret": [],
            "master_user_secret_kms_key_id": null,
            "max_allocated_storage": 0,
            "monitoring_interval": 0,
            "monitoring_role_arn": "",
            "multi_az": false,
            "nchar_character_set_name": "",
            "network_type": "IPV4",
            "option_group_name": "default:postgres-17",
            "parameter_group_name": "default.postgres17",
            "password": "PdcDb-2025!kN8zF9",
            "password_wo": null,
            "password_wo_version": null,
            "performance_insights_enabled": false,
            "performance_insights_kms_key_id": "",
            "performance_insights_retention_period": 0,
            "port": 5432,
            "publicly_accessible": true,
            "replica_mode": "",
            "replicas": [],
            "replicate_source_db": "",
            "resource_id": "db-W6H4IZA3NLLTWDZRXB3AX54WBI",
            "restore_to_point_in_time": [],
            "s3_import": [],
            "skip_final_snapshot": true,
            "snapshot_identifier": null,
            "status": "available",
            "storage_encrypted": false,
            "storage_throughput": 125,
            "storage_type": "gp3",
            "tags": {
              "Name": "pdc-db"
            },
            "tags_all": {
              "Name": "pdc-db"
            },
            "timeouts": null,
            "timezone": "",
            "upgrade_storage_config": null,
            "username": "postgres",
            "vpc_security_group_ids": [
              "sg-0c79b576e3df6adf0"
            ]
          },
          "sensitive_attributes": [
            [
              {
                "type": "get_attr",
                "value": "password"
              }
            ],
            [
              {
                "type": "get_attr",
                "value": "password_wo"
              }
            ]
          ],
          "identity_schema_version": 0,
          "private": "eyJlMmJmYjczMC1lY2FhLTExZTYtOGY4OC0zNDM2M2JjN2M0YzAiOnsiY3JlYXRlIjozMDAwMDAwMDAwMDAwLCJkZWxldGUiOjM2MDAwMDAwMDAwMDAsInVwZGF0ZSI6NDgwMDAwMDAwMDAwMH0sInNjaGVtYV92ZXJzaW9uIjoiMiJ9",
          "dependencies": [
            "aws_db_subnet_group.main",
            "aws_security_group.app",
            "aws_security_group.db",
            "aws_subnet.public",
            "aws_vpc.main",
            "data.aws_availability_zones.available"
          ]
        }
      ]
    },
    {
      "mode": "managed",
      "type": "aws_db_subnet_group",
      "name": "main",
      "provider": "provider[\"registry.terraform.io/hashicorp/aws\"]",
      "instances": [
        {
          "schema_version": 0,
          "attributes": {
            "arn": "arn:aws:rds:us-east-2:669411698716:subgrp:pdc-db-subnet-group",
            "description": "Managed by Terraform",
            "id": "pdc-db-subnet-group",
            "name": "pdc-db-subnet-group",
            "name_prefix": "",
            "subnet_ids": [
              "subnet-0400c95d02a7373cb",
              "subnet-051621539f0947a7a"
            ],
            "supported_network_types": [
              "IPV4"
            ],
            "tags": {
              "Name": "pdc-db-subnet-group"
            },
            "tags_all": {
              "Name": "pdc-db-subnet-group"
            },
            "vpc_id": "vpc-0f856018735cc99f5"
          },
          "sensitive_attributes": [],
          "identity_schema_version": 0,
          "private": "eyJzY2hlbWFfdmVyc2lvbiI6IjAifQ=="
        }
      ]
    },
    {
      "mode": "managed",
      "type": "aws_ecr_repository",
      "name": "app",
      "provider": "provider[\"registry.terraform.io/hashicorp/aws\"]",
      "instances": [
        {
          "schema_version": 0,
          "attributes": {
            "arn": "arn:aws:ecr:us-east-2:669411698716:repository/pdc-app",
            "encryption_configuration": [
              {
                "encryption_type": "AES256",
                "kms_key": ""
              }
            ],
            "force_delete": null,
            "id": "pdc-app",
            "image_scanning_configuration": [
              {
                "scan_on_push": true
              }
            ],
            "image_tag_mutability": "MUTABLE",
            "name": "pdc-app",
            "registry_id": "669411698716",
            "repository_url": "669411698716.dkr.ecr.us-east-2.amazonaws.com/pdc-app",
            "tags": {
              "Name": "pdc-app-ecr"
            },
            "tags_all": {
              "Name": "pdc-app-ecr"
            },
            "timeouts": null
          },
          "sensitive_attributes": [],
          "identity_schema_version": 0,
          "private": "eyJlMmJmYjczMC1lY2FhLTExZTYtOGY4OC0zNDM2M2JjN2M0YzAiOnsiZGVsZXRlIjoxMjAwMDAwMDAwMDAwfSwic2NoZW1hX3ZlcnNpb24iOiIwIn0="
        }
      ]
    },
    {
      "mode": "managed",
      "type": "aws_ecs_cluster",
      "name": "main",
      "provider": "provider[\"registry.terraform.io/hashicorp/aws\"]",
      "instances": [
        {
          "schema_version": 0,
          "attributes": {
            "arn": "arn:aws:ecs:us-east-2:669411698716:cluster/pdc-cluster",
            "configuration": [],
            "id": "arn:aws:ecs:us-east-2:669411698716:cluster/pdc-cluster",
            "name": "pdc-cluster",
            "service_connect_defaults": [],
            "setting": [
              {
                "name": "containerInsights",
                "value": "enabled"
              }
            ],
            "tags": {
              "Name": "pdc-cluster"
            },
            "tags_all": {
              "Name": "pdc-cluster"
            }
          },
          "sensitive_attributes": [],
          "identity_schema_version": 0,
          "private": "bnVsbA=="
        }
      ]
    },
    {
      "mode": "managed",
      "type": "aws_ecs_service",
      "name": "app",
      "provider": "provider[\"registry.terraform.io/hashicorp/aws\"]",
      "instances": [
        {
          "schema_version": 1,
          "attributes": {
            "alarms": [],
            "availability_zone_rebalancing": "DISABLED",
            "capacity_provider_strategy": [],
            "cluster": "arn:aws:ecs:us-east-2:669411698716:cluster/pdc-cluster",
            "deployment_circuit_breaker": [
              {
                "enable": false,
                "rollback": false
              }
            ],
            "deployment_controller": [
              {
                "type": "ECS"
              }
            ],
            "deployment_maximum_percent": 200,
            "deployment_minimum_healthy_percent": 100,
            "desired_count": 2,
            "enable_ecs_managed_tags": false,
            "enable_execute_command": false,
            "force_delete": null,
            "force_new_deployment": null,
            "health_check_grace_period_seconds": 0,
            "iam_role": "/aws-service-role/ecs.amazonaws.com/AWSServiceRoleForECS",
            "id": "arn:aws:ecs:us-east-2:669411698716:service/pdc-cluster/pdc-app-service",
            "launch_type": "FARGATE",
            "load_balancer": [
              {
                "container_name": "pdc-app",
                "container_port": 5000,
                "elb_name": "",
                "target_group_arn": "arn:aws:elasticloadbalancing:us-east-2:669411698716:targetgroup/pdc-app-tg-fargate/56a1ecde64d7fb46"
              }
            ],
            "name": "pdc-app-service",
            "network_configuration": [
              {
                "assign_public_ip": true,
                "security_groups": [
                  "sg-09f249263356b33b2"
                ],
                "subnets": [
                  "subnet-0400c95d02a7373cb",
                  "subnet-051621539f0947a7a"
                ]
              }
            ],
            "ordered_placement_strategy": [],
            "placement_constraints": [],
            "platform_version": "LATEST",
            "propagate_tags": "NONE",
            "scheduling_strategy": "REPLICA",
            "service_connect_configuration": [],
            "service_registries": [],
            "tags": {
              "Name": "pdc-app-service"
            },
            "tags_all": {
              "Name": "pdc-app-service"
            },
            "task_definition": "arn:aws:ecs:us-east-2:669411698716:task-definition/pdc-app:7",
            "timeouts": null,
            "triggers": {},
            "volume_configuration": [],
            "vpc_lattice_configurations": [],
            "wait_for_steady_state": false
          },
          "sensitive_attributes": [],
          "identity_schema_version": 0,
          "private": "eyJlMmJmYjczMC1lY2FhLTExZTYtOGY4OC0zNDM2M2JjN2M0YzAiOnsiY3JlYXRlIjoxMjAwMDAwMDAwMDAwLCJkZWxldGUiOjEyMDAwMDAwMDAwMDAsInVwZGF0ZSI6MTIwMDAwMDAwMDAwMH0sInNjaGVtYV92ZXJzaW9uIjoiMSJ9",
          "dependencies": [
            "aws_cloudwatch_log_group.app",
            "aws_db_instance.main",
            "aws_db_subnet_group.main",
            "aws_ecr_repository.app",
            "aws_ecs_cluster.main",
            "aws_ecs_task_definition.app",
            "aws_iam_role.ecs_task_execution_role",
            "aws_iam_role.ecs_task_role",
            "aws_lb.main",
            "aws_lb_listener.app",
            "aws_lb_target_group.app",
            "aws_secretsmanager_secret.alert_api_key",
            "aws_secretsmanager_secret.sftp_key",
            "aws_security_group.app",
            "aws_security_group.db",
            "aws_subnet.public",
            "aws_vpc.main",
            "data.aws_availability_zones.available",
            "data.aws_caller_identity.current"
          ]
        }
      ]
    },
    {
      "mode": "managed",
      "type": "aws_ecs_task_definition",
      "name": "app",
      "provider": "provider[\"registry.terraform.io/hashicorp/aws\"]",
      "instances": [
        {
          "schema_version": 1,
          "attributes": {
            "arn": "arn:aws:ecs:us-east-2:669411698716:task-definition/pdc-app:7",
            "arn_without_revision": "arn:aws:ecs:us-east-2:669411698716:task-definition/pdc-app",
            "container_definitions": "[{\"environment\":[{\"name\":\"API_KEY\",\"value\":\"dev-api-key\"},{\"name\":\"DATABASE_URL\",\"value\":\"postgresql://postgres:PdcDb-2025!kN8zF9@pdc-db.c78giku8ag1q.us-east-2.rds.amazonaws.com:5432/pdc_db\"},{\"name\":\"SFTP_HOST\",\"value\":\"127.0.0.1\"},{\"name\":\"SFTP_USERNAME\",\"value\":\"sftp_user\"}],\"essential\":true,\"healthCheck\":{\"command\":[\"CMD-SHELL\",\"curl -f http://localhost:5000/health || exit 1\"],\"interval\":30,\"retries\":3,\"startPeriod\":90,\"timeout\":10},\"image\":\"669411698716.dkr.ecr.us-east-2.amazonaws.com/pdc-app:latest\",\"logConfiguration\":{\"logDriver\":\"awslogs\",\"options\":{\"awslogs-group\":\"/ecs/pdc-app\",\"awslogs-region\":\"us-east-2\",\"awslogs-stream-prefix\":\"ecs\"}},\"mountPoints\":[],\"name\":\"pdc-app\",\"portMappings\":[{\"containerPort\":5000,\"hostPort\":5000,\"protocol\":\"tcp\"}],\"secrets\":[{\"name\":\"ALERT_API_KEY\",\"valueFrom\":\"arn:aws:secretsmanager:us-east-2:669411698716:secret:pdc/alert-api-key-E65FgP\"},{\"name\":\"SFTP_KEY\",\"valueFrom\":\"arn:aws:secretsmanager:us-east-2:669411698716:secret:pdc/sftp-key-rjYvEU\"}],\"systemControls\":[],\"volumesFrom\":[]}]",
            "cpu": "256",
            "enable_fault_injection": false,
            "ephemeral_storage": [],
            "execution_role_arn": "arn:aws:iam::669411698716:role/interview/pdc-ecs-task-execution-role",
            "family": "pdc-app",
            "id": "pdc-app",
            "inference_accelerator": [],
            "ipc_mode": "",
            "memory": "512",
            "network_mode": "awsvpc",
            "pid_mode": "",
            "placement_constraints": [],
            "proxy_configuration": [],
            "requires_compatibilities": [
              "FARGATE"
            ],
            "revision": 7,
            "runtime_platform": [],
            "skip_destroy": false,
            "tags": {
              "Name": "pdc-app-task"
            },
            "tags_all": {
              "Name": "pdc-app-task"
            },
            "task_role_arn": "arn:aws:iam::669411698716:role/interview/pdc-ecs-task-app-role",
            "track_latest": false,
            "volume": []
          },
          "sensitive_attributes": [
            [
              {
                "type": "get_attr",
                "value": "container_definitions"
              }
            ]
          ],
          "identity_schema_version": 0,
          "private": "eyJzY2hlbWFfdmVyc2lvbiI6IjEifQ==",
          "dependencies": [
            "aws_cloudwatch_log_group.app",
            "aws_db_instance.main",
            "aws_db_subnet_group.main",
            "aws_ecr_repository.app",
            "aws_iam_role.ecs_task_execution_role",
            "aws_iam_role.ecs_task_role",
            "aws_secretsmanager_secret.alert_api_key",
            "aws_secretsmanager_secret.sftp_key",
            "aws_security_group.app",
            "aws_security_group.db",
            "aws_subnet.public",
            "aws_vpc.main",
            "data.aws_availability_zones.available",
            "data.aws_caller_identity.current"
          ]
        }
      ]
    },
    {
      "mode": "managed",
      "type": "aws_ecs_task_definition",
      "name": "ingestion",
      "provider": "provider[\"registry.terraform.io/hashicorp/aws\"]",
      "instances": [
        {
          "schema_version": 1,
          "attributes": {
            "arn": "arn:aws:ecs:us-east-2:669411698716:task-definition/pdc-ingestion:4",
            "arn_without_revision": "arn:aws:ecs:us-east-2:669411698716:task-definition/pdc-ingestion",
            "container_definitions": "[{\"command\":[\"python\",\"scripts/ingest_files.py\"],\"environment\":[{\"name\":\"DATABASE_URL\",\"value\":\"postgresql://postgres:PdcDb-2025!kN8zF9@pdc-db.c78giku8ag1q.us-east-2.rds.amazonaws.com:5432/pdc_db\"},{\"name\":\"SFTP_HOST\",\"value\":\"127.0.0.1\"},{\"name\":\"SFTP_USERNAME\",\"value\":\"sftp_user\"}],\"essential\":true,\"image\":\"669411698716.dkr.ecr.us-east-2.amazonaws.com/pdc-app:latest\",\"logConfiguration\":{\"logDriver\":\"awslogs\",\"options\":{\"awslogs-group\":\"/ecs/pdc-ingestion\",\"awslogs-region\":\"us-east-2\",\"awslogs-stream-prefix\":\"ecs\"}},\"mountPoints\":[],\"name\":\"pdc-ingestion\",\"portMappings\":[],\"secrets\":[{\"name\":\"ALERT_API_KEY\",\"valueFrom\":\"arn:aws:secretsmanager:us-east-2:669411698716:secret:pdc/alert-api-key-E65FgP\"},{\"name\":\"SFTP_KEY\",\"valueFrom\":\"arn:aws:secretsmanager:us-east-2:669411698716:secret:pdc/sftp-key-rjYvEU\"}],\"systemControls\":[],\"volumesFrom\":[]}]",
            "cpu": "256",
            "enable_fault_injection": false,
            "ephemeral_storage": [],
            "execution_role_arn": "arn:aws:iam::669411698716:role/interview/pdc-ecs-task-execution-role",
            "family": "pdc-ingestion",
            "id": "pdc-ingestion",
            "inference_accelerator": [],
            "ipc_mode": "",
            "memory": "512",
            "network_mode": "awsvpc",
            "pid_mode": "",
            "placement_constraints": [],
            "proxy_configuration": [],
            "requires_compatibilities": [
              "FARGATE"
            ],
            "revision": 4,
            "runtime_platform": [],
            "skip_destroy": false,
            "tags": {
              "Name": "pdc-ingestion-task"
            },
            "tags_all": {
              "Name": "pdc-ingestion-task"
            },
            "task_role_arn": "arn:aws:iam::669411698716:role/interview/pdc-ecs-task-app-role",
            "track_latest": false,
            "volume": []
          },
          "sensitive_attributes": [
            [
              {
                "type": "get_attr",
                "value": "container_definitions"
              }
            ]
          ],
          "identity_schema_version": 0,
          "private": "eyJzY2hlbWFfdmVyc2lvbiI6IjEifQ==",
          "dependencies": [
            "aws_cloudwatch_log_group.ingestion",
            "aws_db_instance.main",
            "aws_db_subnet_group.main",
            "aws_ecr_repository.app",
            "aws_iam_role.ecs_task_execution_role",
            "aws_iam_role.ecs_task_role",
            "aws_secretsmanager_secret.alert_api_key",
            "aws_secretsmanager_secret.sftp_key",
            "aws_security_group.app",
            "aws_security_group.db",
            "aws_subnet.public",
            "aws_vpc.main",
            "data.aws_availability_zones.available",
            "data.aws_caller_identity.current"
          ]
        }
      ]
    },
    {
      "mode": "managed",
      "type": "aws_eip",
      "name": "sftp_server",
      "provider": "provider[\"registry.terraform.io/hashicorp/aws\"]",
      "instances": [
        {
          "schema_version": 0,
          "attributes": {
            "address": null,
            "allocation_id": "eipalloc-08c716bbc9d5e15d5",
            "arn": "arn:aws:ec2:us-east-2:669411698716:elastic-ip/eipalloc-08c716bbc9d5e15d5",
            "associate_with_private_ip": null,
            "association_id": "eipassoc-0c9dee82842db792b",
            "carrier_ip": "",
            "customer_owned_ip": "",
            "customer_owned_ipv4_pool": "",
            "domain": "vpc",
            "id": "eipalloc-08c716bbc9d5e15d5",
            "instance": "i-005b1a574e6395582",
            "ipam_pool_id": null,
            "network_border_group": "us-east-2",
            "network_interface": "eni-00e462313b60580ae",
            "private_dns": "ip-10-0-1-180.us-east-2.compute.internal",
            "private_ip": "10.0.1.180",
            "ptr_record": "",
            "public_dns": "ec2-18-217-242-197.us-east-2.compute.amazonaws.com",
            "public_ip": "18.217.242.197",
            "public_ipv4_pool": "amazon",
            "tags": {
              "Name": "pdc-sftp-eip"
            },
            "tags_all": {
              "Name": "pdc-sftp-eip"
            },
            "timeouts": null,
            "vpc": true
          },
          "sensitive_attributes": [],
          "identity_schema_version": 0,
          "private": "eyJlMmJmYjczMC1lY2FhLTExZTYtOGY4OC0zNDM2M2JjN2M0YzAiOnsiZGVsZXRlIjoxODAwMDAwMDAwMDAsInJlYWQiOjkwMDAwMDAwMDAwMCwidXBkYXRlIjozMDAwMDAwMDAwMDB9fQ==",
          "dependencies": [
            "aws_instance.sftp_server",
            "aws_security_group.sftp_ec2",
            "aws_subnet.public",
            "aws_vpc.main",
            "data.aws_ami.ubuntu",
            "data.aws_availability_zones.available"
          ]
        }
      ]
    },
    {
      "mode": "managed",
      "type": "aws_iam_role",
      "name": "ecs_task_execution_role",
      "provider": "provider[\"registry.terraform.io/hashicorp/aws\"]",
      "instances": [
        {
          "schema_version": 0,
          "attributes": {
            "arn": "arn:aws:iam::669411698716:role/interview/pdc-ecs-task-execution-role",
            "assume_role_policy": "{\"Statement\":[{\"Action\":\"sts:AssumeRole\",\"Effect\":\"Allow\",\"Principal\":{\"Service\":\"ecs-tasks.amazonaws.com\"}}],\"Version\":\"2012-10-17\"}",
            "create_date": "2025-12-05T06:50:30Z",
            "description": "",
            "force_detach_policies": false,
            "id": "pdc-ecs-task-execution-role",
            "inline_policy": [
              {
                "name": "pdc-ecs-task-execution-secrets",
                "policy": "{\"Version\":\"2012-10-17\",\"Statement\":[{\"Action\":[\"secretsmanager:GetSecretValue\"],\"Effect\":\"Allow\",\"Resource\":[\"arn:aws:secretsmanager:us-east-2:669411698716:secret:pdc/sftp-key-rjYvEU\",\"arn:aws:secretsmanager:us-east-2:669411698716:secret:pdc/alert-api-key-E65FgP\"]}]}"
              }
            ],
            "managed_policy_arns": [
              "arn:aws:iam::aws:policy/service-role/AmazonECSTaskExecutionRolePolicy"
            ],
            "max_session_duration": 3600,
            "name": "pdc-ecs-task-execution-role",
            "name_prefix": "",
            "path": "/interview/",
            "permissions_boundary": "arn:aws:iam::669411698716:policy/InterviewCandidatePolicy",
            "tags": {},
            "tags_all": {},
            "unique_id": "AROAZXXAL5AOPZBJTRONH"
          },
          "sensitive_attributes": [],
          "identity_schema_version": 0,
          "private": "eyJzY2hlbWFfdmVyc2lvbiI6IjAifQ=="
        }
      ]
    },
    {
      "mode": "managed",
      "type": "aws_iam_role",
      "name": "ecs_task_role",
      "provider": "provider[\"registry.terraform.io/hashicorp/aws\"]",
      "instances": [
        {
          "schema_version": 0,
          "attributes": {
            "arn": "arn:aws:iam::669411698716:role/interview/pdc-ecs-task-app-role",
            "assume_role_policy": "{\"Statement\":[{\"Action\":\"sts:AssumeRole\",\"Effect\":\"Allow\",\"Principal\":{\"Service\":\"ecs-tasks.amazonaws.com\"}}],\"Version\":\"2012-10-17\"}",
            "create_date": "2025-12-05T06:50:30Z",
            "description": "",
            "force_detach_policies": false,
            "id": "pdc-ecs-task-app-role",
            "inline_policy": [
              {
                "name": "pdc-ecs-task-permissions",
                "policy": "{\"Version\":\"2012-10-17\",\"Statement\":[{\"Action\":[\"logs:CreateLogStream\",\"logs:PutLogEvents\"],\"Effect\":\"Allow\",\"Resource\":\"arn:aws:logs:us-east-2:669411698716:log-group:/ecs/pdc-app:*\"}]}"
              }
            ],
            "managed_policy_arns": [],
            "max_session_duration": 3600,
            "name": "pdc-ecs-task-app-role",
            "name_prefix": "",
            "path": "/interview/",
            "permissions_boundary": "arn:aws:iam::669411698716:policy/InterviewCandidatePolicy",
            "tags": {},
            "tags_all": {},
            "unique_id": "AROAZXXAL5AOKFE352TEK"
          },
          "sensitive_attributes": [],
          "identity_schema_version": 0,
          "private": "eyJzY2hlbWFfdmVyc2lvbiI6IjAifQ=="
        }
      ]
    },
    {
      "mode": "managed",
      "type": "aws_iam_role",
      "name": "eventbridge_ecs",
      "provider": "provider[\"registry.terraform.io/hashicorp/aws\"]",
      "instances": [
        {
          "schema_version": 0,
          "attributes": {
            "arn": "arn:aws:iam::669411698716:role/interview/pdc-eventbridge-ecs-role",
            "assume_role_policy": "{\"Statement\":[{\"Action\":\"sts:AssumeRole\",\"Effect\":\"Allow\",\"Principal\":{\"Service\":\"events.amazonaws.com\"}}],\"Version\":\"2012-10-17\"}",
            "create_date": "2025-12-05T06:50:30Z",
            "description": "",
            "force_detach_policies": false,
            "id": "pdc-eventbridge-ecs-role",
            "inline_policy": [
              {
                "name": "pdc-eventbridge-ecs-policy",
                "policy": "{\"Version\":\"2012-10-17\",\"Statement\":[{\"Action\":[\"ecs:RunTask\"],\"Effect\":\"Allow\",\"Resource\":\"arn:aws:ecs:us-east-2:669411698716:task-definition/pdc-ingestion:4\"},{\"Action\":[\"iam:PassRole\"],\"Effect\":\"Allow\",\"Resource\":[\"arn:aws:iam::669411698716:role/interview/pdc-ecs-task-execution-role\",\"arn:aws:iam::669411698716:role/interview/pdc-ecs-task-app-role\"]}]}"
              }
            ],
            "managed_policy_arns": [],
            "max_session_duration": 3600,
            "name": "pdc-eventbridge-ecs-role",
            "name_prefix": "",
            "path": "/interview/",
            "permissions_boundary": "arn:aws:iam::669411698716:policy/InterviewCandidatePolicy",
            "tags": {},
            "tags_all": {},
            "unique_id": "AROAZXXAL5AOIWDEYT3J7"
          },
          "sensitive_attributes": [],
          "identity_schema_version": 0,
          "private": "eyJzY2hlbWFfdmVyc2lvbiI6IjAifQ=="
        }
      ]
    },
    {
      "mode": "managed",
      "type": "aws_iam_role_policy",
      "name": "ecs_task_execution_secrets",
      "provider": "provider[\"registry.terraform.io/hashicorp/aws\"]",
      "instances": [
        {
          "schema_version": 0,
          "attributes": {
            "id": "pdc-ecs-task-execution-role:pdc-ecs-task-execution-secrets",
            "name": "pdc-ecs-task-execution-secrets",
            "name_prefix": "",
            "policy": "{\"Version\":\"2012-10-17\",\"Statement\":[{\"Action\":[\"secretsmanager:GetSecretValue\"],\"Effect\":\"Allow\",\"Resource\":[\"arn:aws:secretsmanager:us-east-2:669411698716:secret:pdc/sftp-key-rjYvEU\",\"arn:aws:secretsmanager:us-east-2:669411698716:secret:pdc/alert-api-key-E65FgP\"]}]}",
            "role": "pdc-ecs-task-execution-role"
          },
          "sensitive_attributes": [],
          "identity_schema_version": 0,
          "private": "bnVsbA==",
          "dependencies": [
            "aws_iam_role.ecs_task_execution_role",
            "aws_secretsmanager_secret.alert_api_key",
            "aws_secretsmanager_secret.sftp_key",
            "data.aws_caller_identity.current"
          ]
        }
      ]
    },
    {
      "mode": "managed",
      "type": "aws_iam_role_policy",
      "name": "ecs_task_permissions",
      "provider": "provider[\"registry.terraform.io/hashicorp/aws\"]",
      "instances": [
        {
          "schema_version": 0,
          "attributes": {
            "id": "pdc-ecs-task-app-role:pdc-ecs-task-permissions",
            "name": "pdc-ecs-task-permissions",
            "name_prefix": "",
            "policy": "{\"Version\":\"2012-10-17\",\"Statement\":[{\"Action\":[\"logs:CreateLogStream\",\"logs:PutLogEvents\"],\"Effect\":\"Allow\",\"Resource\":\"arn:aws:logs:us-east-2:669411698716:log-group:/ecs/pdc-app:*\"}]}",
            "role": "pdc-ecs-task-app-role"
          },
          "sensitive_attributes": [],
          "identity_schema_version": 0,
          "private": "bnVsbA==",
          "dependencies": [
            "aws_cloudwatch_log_group.app",
            "aws_iam_role.ecs_task_role",
            "data.aws_caller_identity.current"
          ]
        }
      ]
    },
    {
      "mode": "managed",
      "type": "aws_iam_role_policy",
      "name": "eventbridge_ecs",
      "provider": "provider[\"registry.terraform.io/hashicorp/aws\"]",
      "instances": [
        {
          "schema_version": 0,
          "attributes": {
            "id": "pdc-eventbridge-ecs-role:pdc-eventbridge-ecs-policy",
            "name": "pdc-eventbridge-ecs-policy",
            "name_prefix": "",
            "policy": "{\"Version\":\"2012-10-17\",\"Statement\":[{\"Action\":[\"ecs:RunTask\"],\"Effect\":\"Allow\",\"Resource\":\"arn:aws:ecs:us-east-2:669411698716:task-definition/pdc-ingestion:4\"},{\"Action\":[\"iam:PassRole\"],\"Effect\":\"Allow\",\"Resource\":[\"arn:aws:iam::669411698716:role/interview/pdc-ecs-task-execution-role\",\"arn:aws:iam::669411698716:role/interview/pdc-ecs-task-app-role\"]}]}",
            "role": "pdc-eventbridge-ecs-role"
          },
          "sensitive_attributes": [],
          "identity_schema_version": 0,
          "private": "bnVsbA==",
          "dependencies": [
            "aws_cloudwatch_log_group.ingestion",
            "aws_db_instance.main",
            "aws_db_subnet_group.main",
            "aws_ecr_repository.app",
            "aws_ecs_task_definition.ingestion",
            "aws_iam_role.ecs_task_execution_role",
            "aws_iam_role.ecs_task_role",
            "aws_iam_role.eventbridge_ecs",
            "aws_secretsmanager_secret.alert_api_key",
            "aws_secretsmanager_secret.sftp_key",
            "aws_security_group.app",
            "aws_security_group.db",
            "aws_subnet.public",
            "aws_vpc.main",
            "data.aws_availability_zones.available",
            "data.aws_caller_identity.current"
          ]
        }
      ]
    },
    {
      "mode": "managed",
      "type": "aws_iam_role_policy_attachment",
      "name": "ecs_task_execution_role_policy",
      "provider": "provider[\"registry.terraform.io/hashicorp/aws\"]",
      "instances": [
        {
          "schema_version": 0,
          "attributes": {
            "id": "pdc-ecs-task-execution-role-20251205065031916500000001",
            "policy_arn": "arn:aws:iam::aws:policy/service-role/AmazonECSTaskExecutionRolePolicy",
            "role": "pdc-ecs-task-execution-role"
          },
          "sensitive_attributes": [],
          "identity_schema_version": 0,
          "private": "bnVsbA==",
          "dependencies": [
            "aws_iam_role.ecs_task_execution_role",
            "data.aws_caller_identity.current"
          ]
        }
      ]
    },
    {
      "mode": "managed",
      "type": "aws_instance",
      "name": "sftp_server",
      "provider": "provider[\"registry.terraform.io/hashicorp/aws\"]",
      "instances": [
        {
          "schema_version": 1,
          "attributes": {
            "ami": "ami-0503ed50b531cc445",
            "arn": "arn:aws:ec2:us-east-2:669411698716:instance/i-005b1a574e6395582",
            "associate_public_ip_address": true,
            "availability_zone": "us-east-2a",
            "capacity_reservation_specification": [
              {
                "capacity_reservation_preference": "open",
                "capacity_reservation_target": []
              }
            ],
            "cpu_core_count": 1,
            "cpu_options": [
              {
                "amd_sev_snp": "",
                "core_count": 1,
                "threads_per_core": 2
              }
            ],
            "cpu_threads_per_core": 2,
            "credit_specification": [
              {
                "cpu_credits": "unlimited"
              }
            ],
            "disable_api_stop": false,
            "disable_api_termination": false,
            "ebs_block_device": [],
            "ebs_optimized": false,
            "enable_primary_ipv6": null,
            "enclave_options": [
              {
                "enabled": false
              }
            ],
            "ephemeral_block_device": [],
            "get_password_data": false,
            "hibernation": false,
            "host_id": "",
            "host_resource_group_arn": null,
            "iam_instance_profile": "",
            "id": "i-005b1a574e6395582",
            "instance_initiated_shutdown_behavior": "stop",
            "instance_lifecycle": "",
            "instance_market_options": [],
            "instance_state": "running",
            "instance_type": "t3.micro",
            "ipv6_address_count": 0,
            "ipv6_addresses": [],
            "key_name": "pdc-sftp-server-key",
            "launch_template": [],
            "maintenance_options": [
              {
                "auto_recovery": "default"
              }
            ],
            "metadata_options": [
              {
                "http_endpoint": "enabled",
                "http_protocol_ipv6": "disabled",
                "http_put_response_hop_limit": 1,
                "http_tokens": "required",
                "instance_metadata_tags": "disabled"
              }
            ],
            "monitoring": true,
            "network_interface": [],
            "outpost_arn": "",
            "password_data": "",
            "placement_group": "",
            "placement_partition_number": 0,
            "primary_network_interface_id": "eni-00e462313b60580ae",
            "private_dns": "ip-10-0-1-180.us-east-2.compute.internal",
            "private_dns_name_options": [
              {
                "enable_resource_name_dns_a_record": false,
                "enable_resource_name_dns_aaaa_record": false,
                "hostname_type": "ip-name"
              }
            ],
            "private_ip": "10.0.1.180",
            "public_dns": "ec2-3-144-123-150.us-east-2.compute.amazonaws.com",
            "public_ip": "3.144.123.150",
            "root_block_device": [
              {
                "delete_on_termination": true,
                "device_name": "/dev/sda1",
                "encrypted": true,
                "iops": 3000,
                "kms_key_id": "arn:aws:kms:us-east-2:669411698716:key/f9185798-f681-4de1-bbe4-99cab7ed1cc9",
                "tags": null,
                "tags_all": {},
                "throughput": 125,
                "volume_id": "vol-0b4b24d2e6113afec",
                "volume_size": 20,
                "volume_type": "gp3"
              }
            ],
            "secondary_private_ips": [],
            "security_groups": [],
            "source_dest_check": true,
            "spot_instance_request_id": "",
            "subnet_id": "subnet-0400c95d02a7373cb",
            "tags": {
              "Name": "pdc-sftp-server"
            },
            "tags_all": {
              "Name": "pdc-sftp-server"
            },
            "tenancy": "default",
            "timeouts": null,
            "user_data": "e91338cd7d9cbced75dd43c09215a2cd103641a2",
            "user_data_base64": null,
            "user_data_replace_on_change": false,
            "volume_tags": null,
            "vpc_security_group_ids": [
              "sg-06795b98c4962acc2"
            ]
          },
          "sensitive_attributes": [],
          "identity_schema_version": 0,
          "private": "eyJlMmJmYjczMC1lY2FhLTExZTYtOGY4OC0zNDM2M2JjN2M0YzAiOnsiY3JlYXRlIjo2MDAwMDAwMDAwMDAsImRlbGV0ZSI6MTIwMDAwMDAwMDAwMCwicmVhZCI6OTAwMDAwMDAwMDAwLCJ1cGRhdGUiOjYwMDAwMDAwMDAwMH0sInNjaGVtYV92ZXJzaW9uIjoiMSJ9",
          "dependencies": [
            "aws_security_group.sftp_ec2",
            "aws_subnet.public",
            "aws_vpc.main",
            "data.aws_ami.ubuntu",
            "data.aws_availability_zones.available"
          ]
        }
      ]
    },
    {
      "mode": "managed",
      "type": "aws_internet_gateway",
      "name": "main",
      "provider": "provider[\"registry.terraform.io/hashicorp/aws\"]",
      "instances": [
        {
          "schema_version": 0,
          "attributes": {
            "arn": "arn:aws:ec2:us-east-2:669411698716:internet-gateway/igw-0d164354e83a66364",
            "id": "igw-0d164354e83a66364",
            "owner_id": "669411698716",
            "tags": {
              "Name": "pdc-igw"
            },
            "tags_all": {
              "Name": "pdc-igw"
            },
            "timeouts": null,
            "vpc_id": "vpc-0f856018735cc99f5"
          },
          "sensitive_attributes": [],
          "identity_schema_version": 0,
          "private": "eyJlMmJmYjczMC1lY2FhLTExZTYtOGY4OC0zNDM2M2JjN2M0YzAiOnsiY3JlYXRlIjoxMjAwMDAwMDAwMDAwLCJkZWxldGUiOjEyMDAwMDAwMDAwMDAsInVwZGF0ZSI6MTIwMDAwMDAwMDAwMH19",
          "dependencies": [
            "aws_vpc.main"
          ]
        }
      ]
    },
    {
      "mode": "managed",
      "type": "aws_lb",
      "name": "main",
      "provider": "provider[\"registry.terraform.io/hashicorp/aws\"]",
      "instances": [
        {
          "schema_version": 0,
          "attributes": {
            "access_logs": [
              {
                "bucket": "",
                "enabled": false,
                "prefix": ""
              }
            ],
            "arn": "arn:aws:elasticloadbalancing:us-east-2:669411698716:loadbalancer/app/pdc-alb/9848873905bb96d4",
            "arn_suffix": "app/pdc-alb/9848873905bb96d4",
            "client_keep_alive": 3600,
            "connection_logs": [
              {
                "bucket": "",
                "enabled": false,
                "prefix": ""
              }
            ],
            "customer_owned_ipv4_pool": "",
            "desync_mitigation_mode": "defensive",
            "dns_name": "pdc-alb-358292698.us-east-2.elb.amazonaws.com",
            "dns_record_client_routing_policy": null,
            "drop_invalid_header_fields": false,
            "enable_cross_zone_load_balancing": true,
            "enable_deletion_protection": false,
            "enable_http2": true,
            "enable_tls_version_and_cipher_suite_headers": false,
            "enable_waf_fail_open": false,
            "enable_xff_client_port": false,
            "enable_zonal_shift": false,
            "enforce_security_group_inbound_rules_on_private_link_traffic": "",
            "id": "arn:aws:elasticloadbalancing:us-east-2:669411698716:loadbalancer/app/pdc-alb/9848873905bb96d4",
            "idle_timeout": 60,
            "internal": false,
            "ip_address_type": "ipv4",
            "ipam_pools": [],
            "load_balancer_type": "application",
            "minimum_load_balancer_capacity": [],
            "name": "pdc-alb",
            "name_prefix": "",
            "preserve_host_header": false,
            "security_groups": [
              "sg-09f249263356b33b2"
            ],
            "subnet_mapping": [
              {
                "allocation_id": "",
                "ipv6_address": "",
                "outpost_id": "",
                "private_ipv4_address": "",
                "subnet_id": "subnet-0400c95d02a7373cb"
              },
              {
                "allocation_id": "",
                "ipv6_address": "",
                "outpost_id": "",
                "private_ipv4_address": "",
                "subnet_id": "subnet-051621539f0947a7a"
              }
            ],
            "subnets": [
              "subnet-0400c95d02a7373cb",
              "subnet-051621539f0947a7a"
            ],
            "tags": {
              "Name": "pdc-alb"
            },
            "tags_all": {
              "Name": "pdc-alb"
            },
            "timeouts": null,
            "vpc_id": "vpc-0f856018735cc99f5",
            "xff_header_processing_mode": "append",
            "zone_id": "Z3AADJGX6KTTL2"
          },
          "sensitive_attributes": [],
          "identity_schema_version": 0,
          "private": "eyJlMmJmYjczMC1lY2FhLTExZTYtOGY4OC0zNDM2M2JjN2M0YzAiOnsiY3JlYXRlIjo2MDAwMDAwMDAwMDAsImRlbGV0ZSI6NjAwMDAwMDAwMDAwLCJ1cGRhdGUiOjYwMDAwMDAwMDAwMH0sInNjaGVtYV92ZXJzaW9uIjoiMCJ9"
        }
      ]
    },
    {
      "mode": "managed",
      "type": "aws_lb_listener",
      "name": "app",
      "provider": "provider[\"registry.terraform.io/hashicorp/aws\"]",
      "instances": [
        {
          "schema_version": 0,
          "attributes": {
            "alpn_policy": null,
            "arn": "arn:aws:elasticloadbalancing:us-east-2:669411698716:listener/app/pdc-alb/9848873905bb96d4/909ba84f3e4826a8",
            "certificate_arn": null,
            "default_action": [
              {
                "authenticate_cognito": [],
                "authenticate_oidc": [],
                "fixed_response": [],
                "forward": [],
                "order": 1,
                "redirect": [],
                "target_group_arn": "arn:aws:elasticloadbalancing:us-east-2:669411698716:targetgroup/pdc-app-tg-fargate/56a1ecde64d7fb46",
                "type": "forward"
              }
            ],
            "id": "arn:aws:elasticloadbalancing:us-east-2:669411698716:listener/app/pdc-alb/9848873905bb96d4/909ba84f3e4826a8",
            "load_balancer_arn": "arn:aws:elasticloadbalancing:us-east-2:669411698716:loadbalancer/app/pdc-alb/9848873905bb96d4",
            "mutual_authentication": [],
            "port": 80,
            "protocol": "HTTP",
            "routing_http_request_x_amzn_mtls_clientcert_header_name": null,
            "routing_http_request_x_amzn_mtls_clientcert_issuer_header_name": null,
            "routing_http_request_x_amzn_mtls_clientcert_leaf_header_name": null,
            "routing_http_request_x_amzn_mtls_clientcert_serial_number_header_name": null,
            "routing_http_request_x_amzn_mtls_clientcert_subject_header_name": null,
            "routing_http_request_x_amzn_mtls_clientcert_validity_header_name": null,
            "routing_http_request_x_amzn_tls_cipher_suite_header_name": null,
            "routing_http_request_x_amzn_tls_version_header_name": null,
            "routing_http_response_access_control_allow_credentials_header_value": "",
            "routing_http_response_access_control_allow_headers_header_value": "",
            "routing_http_response_access_control_allow_methods_header_value": "",
            "routing_http_response_access_control_allow_origin_header_value": "",
            "routing_http_response_access_control_expose_headers_header_value": "",
            "routing_http_response_access_control_max_age_header_value": "",
            "routing_http_response_content_security_policy_header_value": "",
            "routing_http_response_server_enabled": true,
            "routing_http_response_strict_transport_security_header_value": "",
            "routing_http_response_x_content_type_options_header_value": "",
            "routing_http_response_x_frame_options_header_value": "",
            "ssl_policy": "",
            "tags": {},
            "tags_all": {},
            "tcp_idle_timeout_seconds": null,
            "timeouts": null
          },
          "sensitive_attributes": [],
          "identity_schema_version": 0,
          "private": "eyJlMmJmYjczMC1lY2FhLTExZTYtOGY4OC0zNDM2M2JjN2M0YzAiOnsiY3JlYXRlIjozMDAwMDAwMDAwMDAsInVwZGF0ZSI6MzAwMDAwMDAwMDAwfX0=",
          "dependencies": [
            "aws_lb.main",
            "aws_lb_target_group.app",
            "aws_security_group.app",
            "aws_subnet.public",
            "aws_vpc.main",
            "data.aws_availability_zones.available"
          ]
        }
      ]
    },
    {
      "mode": "managed",
      "type": "aws_lb_target_group",
      "name": "app",
      "provider": "provider[\"registry.terraform.io/hashicorp/aws\"]",
      "instances": [
        {
          "schema_version": 0,
          "attributes": {
            "arn": "arn:aws:elasticloadbalancing:us-east-2:669411698716:targetgroup/pdc-app-tg-fargate/56a1ecde64d7fb46",
            "arn_suffix": "targetgroup/pdc-app-tg-fargate/56a1ecde64d7fb46",
            "connection_termination": null,
            "deregistration_delay": "30",
            "health_check": [
              {
                "enabled": true,
                "healthy_threshold": 2,
                "interval": 30,
                "matcher": "200",
                "path": "/health",
                "port": "traffic-port",
                "protocol": "HTTP",
                "timeout": 10,
                "unhealthy_threshold": 3
              }
            ],
            "id": "arn:aws:elasticloadbalancing:us-east-2:669411698716:targetgroup/pdc-app-tg-fargate/56a1ecde64d7fb46",
            "ip_address_type": "ipv4",
            "lambda_multi_value_headers_enabled": null,
            "load_balancer_arns": [
              "arn:aws:elasticloadbalancing:us-east-2:669411698716:loadbalancer/app/pdc-alb/9848873905bb96d4"
            ],
            "load_balancing_algorithm_type": "round_robin",
            "load_balancing_anomaly_mitigation": "off",
            "load_balancing_cross_zone_enabled": "use_load_balancer_configuration",
            "name": "pdc-app-tg-fargate",
            "name_prefix": "",
            "port": 5000,
            "preserve_client_ip": null,
            "protocol": "HTTP",
            "protocol_version": "HTTP1",
            "proxy_protocol_v2": null,
            "slow_start": 0,
            "stickiness": [
              {
                "cookie_duration": 86400,
                "cookie_name": "",
                "enabled": false,
                "type": "lb_cookie"
              }
            ],
            "tags": {
              "Name": "pdc-app-tg"
            },
            "tags_all": {
              "Name": "pdc-app-tg"
            },
            "target_failover": [
              {
                "on_deregistration": null,
                "on_unhealthy": null
              }
            ],
            "target_group_health": [
              {
                "dns_failover": [
                  {
                    "minimum_healthy_targets_count": "1",
                    "minimum_healthy_targets_percentage": "off"
                  }
                ],
                "unhealthy_state_routing": [
                  {
                    "minimum_healthy_targets_count": 1,
                    "minimum_healthy_targets_percentage": "off"
                  }
                ]
              }
            ],
            "target_health_state": [
              {
                "enable_unhealthy_connection_termination": null,
                "unhealthy_draining_interval": null
              }
            ],
            "target_type": "ip",
            "vpc_id": "vpc-0f856018735cc99f5"
          },
          "sensitive_attributes": [],
          "identity_schema_version": 0,
          "private": "eyJzY2hlbWFfdmVyc2lvbiI6IjAifQ==",
          "create_before_destroy": true
        }
      ]
    },
    {
      "mode": "managed",
      "type": "aws_route_table",
      "name": "public",
      "provider": "provider[\"registry.terraform.io/hashicorp/aws\"]",
      "instances": [
        {
          "schema_version": 0,
          "attributes": {
            "arn": "arn:aws:ec2:us-east-2:669411698716:route-table/rtb-0d7ac61b8f4681904",
            "id": "rtb-0d7ac61b8f4681904",
            "owner_id": "669411698716",
            "propagating_vgws": [],
            "route": [
              {
                "carrier_gateway_id": "",
                "cidr_block": "0.0.0.0/0",
                "core_network_arn": "",
                "destination_prefix_list_id": "",
                "egress_only_gateway_id": "",
                "gateway_id": "igw-0d164354e83a66364",
                "ipv6_cidr_block": "",
                "local_gateway_id": "",
                "nat_gateway_id": "",
                "network_interface_id": "",
                "transit_gateway_id": "",
                "vpc_endpoint_id": "",
                "vpc_peering_connection_id": ""
              }
            ],
            "tags": {
              "Name": "pdc-public-rt"
            },
            "tags_all": {
              "Name": "pdc-public-rt"
            },
            "timeouts": null,
            "vpc_id": "vpc-0f856018735cc99f5"
          },
          "sensitive_attributes": [],
          "identity_schema_version": 0,
          "private": "eyJlMmJmYjczMC1lY2FhLTExZTYtOGY4OC0zNDM2M2JjN2M0YzAiOnsiY3JlYXRlIjozMDAwMDAwMDAwMDAsImRlbGV0ZSI6MzAwMDAwMDAwMDAwLCJ1cGRhdGUiOjEyMDAwMDAwMDAwMH19",
          "dependencies": [
            "aws_internet_gateway.main",
            "aws_vpc.main"
          ]
        }
      ]
    },
    {
      "mode": "managed",
      "type": "aws_route_table_association",
      "name": "public",
      "provider": "provider[\"registry.terraform.io/hashicorp/aws\"]",
      "instances": [
        {
          "index_key": 0,
          "schema_version": 0,
          "attributes": {
            "gateway_id": "",
            "id": "rtbassoc-014e825ffe503b576",
            "route_table_id": "rtb-0d7ac61b8f4681904",
            "subnet_id": "subnet-0400c95d02a7373cb",
            "timeouts": null
          },
          "sensitive_attributes": [],
          "identity_schema_version": 0,
          "private": "eyJlMmJmYjczMC1lY2FhLTExZTYtOGY4OC0zNDM2M2JjN2M0YzAiOnsiY3JlYXRlIjozMDAwMDAwMDAwMDAsImRlbGV0ZSI6MzAwMDAwMDAwMDAwLCJ1cGRhdGUiOjEyMDAwMDAwMDAwMH19",
          "dependencies": [
            "aws_internet_gateway.main",
            "aws_route_table.public",
            "aws_subnet.public",
            "aws_vpc.main",
            "data.aws_availability_zones.available"
          ]
        },
        {
          "index_key": 1,
          "schema_version": 0,
          "attributes": {
            "gateway_id": "",
            "id": "rtbassoc-00fb6046bee4d0220",
            "route_table_id": "rtb-0d7ac61b8f4681904",
            "subnet_id": "subnet-051621539f0947a7a",
            "timeouts": null
          },
          "sensitive_attributes": [],
          "identity_schema_version": 0,
          "private": "eyJlMmJmYjczMC1lY2FhLTExZTYtOGY4OC0zNDM2M2JjN2M0YzAiOnsiY3JlYXRlIjozMDAwMDAwMDAwMDAsImRlbGV0ZSI6MzAwMDAwMDAwMDAwLCJ1cGRhdGUiOjEyMDAwMDAwMDAwMH19",
          "dependencies": [
            "aws_internet_gateway.main",
            "aws_route_table.public",
            "aws_subnet.public",
            "aws_vpc.main",
            "data.aws_availability_zones.available"
          ]
        }
      ]
    },
    {
      "mode": "managed",
      "type": "aws_secretsmanager_secret",
      "name": "alert_api_key",
      "provider": "provider[\"registry.terraform.io/hashicorp/aws\"]",
      "instances": [
        {
          "schema_version": 0,
          "attributes": {
            "arn": "arn:aws:secretsmanager:us-east-2:669411698716:secret:pdc/alert-api-key-E65FgP",
            "description": "",
            "force_overwrite_replica_secret": null,
            "id": "pdc/alert-api-key",
            "kms_key_id": "",
            "name": "pdc/alert-api-key",
            "name_prefix": "",
            "policy": "",
            "recovery_window_in_days": null,
            "replica": [],
            "tags": {
              "Name": "pdc-alert-api-key"
            },
            "tags_all": {
              "Name": "pdc-alert-api-key"
            }
          },
          "sensitive_attributes": [],
          "identity_schema_version": 0,
          "private": "eyJzY2hlbWFfdmVyc2lvbiI6IjAifQ=="
        }
      ]
    },
    {
      "mode": "managed",
      "type": "aws_secretsmanager_secret",
      "name": "sftp_key",
      "provider": "provider[\"registry.terraform.io/hashicorp/aws\"]",
      "instances": [
        {
          "schema_version": 0,
          "attributes": {
            "arn": "arn:aws:secretsmanager:us-east-2:669411698716:secret:pdc/sftp-key-rjYvEU",
            "description": "",
            "force_overwrite_replica_secret": null,
            "id": "pdc/sftp-key",
            "kms_key_id": "",
            "name": "pdc/sftp-key",
            "name_prefix": "",
            "policy": "",
            "recovery_window_in_days": null,
            "replica": [],
            "tags": {
              "Name": "pdc-sftp-key"
            },
            "tags_all": {
              "Name": "pdc-sftp-key"
            }
          },
          "sensitive_attributes": [],
          "identity_schema_version": 0,
          "private": "eyJzY2hlbWFfdmVyc2lvbiI6IjAifQ=="
        }
      ]
    },
    {
      "mode": "managed",
      "type": "aws_security_group",
      "name": "app",
      "provider": "provider[\"registry.terraform.io/hashicorp/aws\"]",
      "instances": [
        {
          "schema_version": 1,
          "attributes": {
            "arn": "arn:aws:ec2:us-east-2:669411698716:security-group/sg-09f249263356b33b2",
            "description": "Security group for PDC application",
            "egress": [
              {
                "cidr_blocks": [
                  "0.0.0.0/0"
                ],
                "description": "",
                "from_port": 0,
                "ipv6_cidr_blocks": [],
                "prefix_list_ids": [],
                "protocol": "-1",
                "security_groups": [],
                "self": false,
                "to_port": 0
              }
            ],
            "id": "sg-09f249263356b33b2",
            "ingress": [
              {
                "cidr_blocks": [
                  "0.0.0.0/0"
                ],
                "description": "",
                "from_port": 443,
                "ipv6_cidr_blocks": [],
                "prefix_list_ids": [],
                "protocol": "tcp",
                "security_groups": [],
                "self": false,
                "to_port": 443
              },
              {
                "cidr_blocks": [
                  "0.0.0.0/0"
                ],
                "description": "",
                "from_port": 80,
                "ipv6_cidr_blocks": [],
                "prefix_list_ids": [],
                "protocol": "tcp",
                "security_groups": [],
                "self": false,
                "to_port": 80
              },
              {
                "cidr_blocks": [
                  "10.0.0.0/16"
                ],
                "description": "Allow ALB to reach Flask app on port 5000",
                "from_port": 5000,
                "ipv6_cidr_blocks": [],
                "prefix_list_ids": [],
                "protocol": "tcp",
                "security_groups": [],
                "self": false,
                "to_port": 5000
              }
            ],
            "name": "pdc-app-sg",
            "name_prefix": "",
            "owner_id": "669411698716",
            "revoke_rules_on_delete": false,
            "tags": {
              "Name": "pdc-app-sg"
            },
            "tags_all": {
              "Name": "pdc-app-sg"
            },
            "timeouts": null,
            "vpc_id": "vpc-0f856018735cc99f5"
          },
          "sensitive_attributes": [],
          "identity_schema_version": 0,
          "private": "eyJlMmJmYjczMC1lY2FhLTExZTYtOGY4OC0zNDM2M2JjN2M0YzAiOnsiY3JlYXRlIjo2MDAwMDAwMDAwMDAsImRlbGV0ZSI6OTAwMDAwMDAwMDAwfSwic2NoZW1hX3ZlcnNpb24iOiIxIn0=",
          "dependencies": [
            "aws_vpc.main"
          ]
        }
      ]
    },
    {
      "mode": "managed",
      "type": "aws_security_group",
      "name": "db",
      "provider": "provider[\"registry.terraform.io/hashicorp/aws\"]",
      "instances": [
        {
          "schema_version": 1,
          "attributes": {
            "arn": "arn:aws:ec2:us-east-2:669411698716:security-group/sg-0c79b576e3df6adf0",
            "description": "Security group for RDS database",
            "egress": [
              {
                "cidr_blocks": [
                  "0.0.0.0/0"
                ],
                "description": "",
                "from_port": 0,
                "ipv6_cidr_blocks": [],
                "prefix_list_ids": [],
                "protocol": "-1",
                "security_groups": [],
                "self": false,
                "to_port": 0
              }
            ],
            "id": "sg-0c79b576e3df6adf0",
            "ingress": [
              {
                "cidr_blocks": [],
                "description": "",
                "from_port": 5432,
                "ipv6_cidr_blocks": [],
                "prefix_list_ids": [],
                "protocol": "tcp",
                "security_groups": [
                  "sg-09f249263356b33b2"
                ],
                "self": false,
                "to_port": 5432
              }
            ],
            "name": "pdc-db-sg",
            "name_prefix": "",
            "owner_id": "669411698716",
            "revoke_rules_on_delete": false,
            "tags": {
              "Name": "pdc-db-sg"
            },
            "tags_all": {
              "Name": "pdc-db-sg"
            },
            "timeouts": null,
            "vpc_id": "vpc-0f856018735cc99f5"
          },
          "sensitive_attributes": [],
          "identity_schema_version": 0,
          "private": "eyJlMmJmYjczMC1lY2FhLTExZTYtOGY4OC0zNDM2M2JjN2M0YzAiOnsiY3JlYXRlIjo2MDAwMDAwMDAwMDAsImRlbGV0ZSI6OTAwMDAwMDAwMDAwfSwic2NoZW1hX3ZlcnNpb24iOiIxIn0=",
          "dependencies": [
            "aws_security_group.app",
            "aws_vpc.main"
          ]
        }
      ]
    },
    {
      "mode": "managed",
      "type": "aws_security_group",
      "name": "sftp_ec2",
      "provider": "provider[\"registry.terraform.io/hashicorp/aws\"]",
      "instances": [
        {
          "schema_version": 1,
          "attributes": {
            "arn": "arn:aws:ec2:us-east-2:669411698716:security-group/sg-06795b98c4962acc2",
            "description": "Security group for PDC SFTP EC2 instance",
            "egress": [
              {
                "cidr_blocks": [
                  "0.0.0.0/0"
                ],
                "description": "",
                "from_port": 0,
                "ipv6_cidr_blocks": [],
                "prefix_list_ids": [],
                "protocol": "-1",
                "security_groups": [],
                "self": false,
                "to_port": 0
              }
            ],
            "id": "sg-06795b98c4962acc2",
            "ingress": [
              {
                "cidr_blocks": [
                  "0.0.0.0/0"
                ],
                "description": "SFTP access from anywhere",
                "from_port": 22,
                "ipv6_cidr_blocks": [],
                "prefix_list_ids": [],
                "protocol": "tcp",
                "security_groups": [],
                "self": false,
                "to_port": 22
              }
            ],
            "name": "pdc-sftp-ec2-sg",
            "name_prefix": "",
            "owner_id": "669411698716",
            "revoke_rules_on_delete": false,
            "tags": {
              "Name": "pdc-sftp-ec2-sg"
            },
            "tags_all": {
              "Name": "pdc-sftp-ec2-sg"
            },
            "timeouts": null,
            "vpc_id": "vpc-0f856018735cc99f5"
          },
          "sensitive_attributes": [],
          "identity_schema_version": 0,
          "private": "eyJlMmJmYjczMC1lY2FhLTExZTYtOGY4OC0zNDM2M2JjN2M0YzAiOnsiY3JlYXRlIjo2MDAwMDAwMDAwMDAsImRlbGV0ZSI6OTAwMDAwMDAwMDAwfSwic2NoZW1hX3ZlcnNpb24iOiIxIn0=",
          "dependencies": [
            "aws_vpc.main"
          ]
        }
      ]
    },
    {
      "mode": "managed",
      "type": "aws_subnet",
      "name": "public",
      "provider": "provider[\"registry.terraform.io/hashicorp/aws\"]",
      "instances": [
        {
          "index_key": 0,
          "schema_version": 1,
          "attributes": {
            "arn": "arn:aws:ec2:us-east-2:669411698716:subnet/subnet-0400c95d02a7373cb",
            "assign_ipv6_address_on_creation": false,
            "availability_zone": "us-east-2a",
            "availability_zone_id": "use2-az1",
            "cidr_block": "10.0.1.0/24",
            "customer_owned_ipv4_pool": "",
            "enable_dns64": false,
            "enable_lni_at_device_index": 0,
            "enable_resource_name_dns_a_record_on_launch": false,
            "enable_resource_name_dns_aaaa_record_on_launch": false,
            "id": "subnet-0400c95d02a7373cb",
            "ipv6_cidr_block": "",
            "ipv6_cidr_block_association_id": "",
            "ipv6_native": false,
            "map_customer_owned_ip_on_launch": false,
            "map_public_ip_on_launch": true,
            "outpost_arn": "",
            "owner_id": "669411698716",
            "private_dns_hostname_type_on_launch": "ip-name",
            "tags": {
              "Name": "pdc-public-subnet-1"
            },
            "tags_all": {
              "Name": "pdc-public-subnet-1"
            },
            "timeouts": null,
            "vpc_id": "vpc-0f856018735cc99f5"
          },
          "sensitive_attributes": [],
          "identity_schema_version": 0,
          "private": "eyJlMmJmYjczMC1lY2FhLTExZTYtOGY4OC0zNDM2M2JjN2M0YzAiOnsiY3JlYXRlIjo2MDAwMDAwMDAwMDAsImRlbGV0ZSI6MTIwMDAwMDAwMDAwMH0sInNjaGVtYV92ZXJzaW9uIjoiMSJ9",
          "dependencies": [
            "aws_vpc.main",
            "data.aws_availability_zones.available"
          ]
        },
        {
          "index_key": 1,
          "schema_version": 1,
          "attributes": {
            "arn": "arn:aws:ec2:us-east-2:669411698716:subnet/subnet-051621539f0947a7a",
            "assign_ipv6_address_on_creation": false,
            "availability_zone": "us-east-2b",
            "availability_zone_id": "use2-az2",
            "cidr_block": "10.0.2.0/24",
            "customer_owned_ipv4_pool": "",
            "enable_dns64": false,
            "enable_lni_at_device_index": 0,
            "enable_resource_name_dns_a_record_on_launch": false,
            "enable_resource_name_dns_aaaa_record_on_launch": false,
            "id": "subnet-051621539f0947a7a",
            "ipv6_cidr_block": "",
            "ipv6_cidr_block_association_id": "",
            "ipv6_native": false,
            "map_customer_owned_ip_on_launch": false,
            "map_public_ip_on_launch": true,
            "outpost_arn": "",
            "owner_id": "669411698716",
            "private_dns_hostname_type_on_launch": "ip-name",
            "tags": {
              "Name": "pdc-public-subnet-2"
            },
            "tags_all": {
              "Name": "pdc-public-subnet-2"
            },
            "timeouts": null,
            "vpc_id": "vpc-0f856018735cc99f5"
          },
          "sensitive_attributes": [],
          "identity_schema_version": 0,
          "private": "eyJlMmJmYjczMC1lY2FhLTExZTYtOGY4OC0zNDM2M2JjN2M0YzAiOnsiY3JlYXRlIjo2MDAwMDAwMDAwMDAsImRlbGV0ZSI6MTIwMDAwMDAwMDAwMH0sInNjaGVtYV92ZXJzaW9uIjoiMSJ9",
          "dependencies": [
            "aws_vpc.main",
            "data.aws_availability_zones.available"
          ]
        }
      ]
    },
    {
      "mode": "managed",
      "type": "aws_vpc",
      "name": "main",
      "provider": "provider[\"registry.terraform.io/hashicorp/aws\"]",
      "instances": [
        {
          "schema_version": 1,
          "attributes": {
            "arn": "arn:aws:ec2:us-east-2:669411698716:vpc/vpc-0f856018735cc99f5",
            "assign_generated_ipv6_cidr_block": false,
            "cidr_block": "10.0.0.0/16",
            "default_network_acl_id": "acl-0cadde67359c0c070",
            "default_route_table_id": "rtb-0651587479d83ca56",
            "default_security_group_id": "sg-09646014357e75418",
            "dhcp_options_id": "dopt-001e593e26b1fea17",
            "enable_dns_hostnames": true,
            "enable_dns_support": true,
            "enable_network_address_usage_metrics": false,
            "id": "vpc-0f856018735cc99f5",
            "instance_tenancy": "default",
            "ipv4_ipam_pool_id": null,
            "ipv4_netmask_length": null,
            "ipv6_association_id": "",
            "ipv6_cidr_block": "",
            "ipv6_cidr_block_network_border_group": "",
            "ipv6_ipam_pool_id": "",
            "ipv6_netmask_length": 0,
            "main_route_table_id": "rtb-0651587479d83ca56",
            "owner_id": "669411698716",
            "tags": {
              "Name": "pdc-vpc"
            },
            "tags_all": {
              "Name": "pdc-vpc"
            }
          },
          "sensitive_attributes": [],
          "identity_schema_version": 0,
          "private": "eyJzY2hlbWFfdmVyc2lvbiI6IjEifQ==",
          "create_before_destroy": true
        }
      ]
    }
  ],
  "check_results": null
}
